
Microsoft Visual Studio Solution File, Format Version 12.00
# Visual Studio Version 17
VisualStudioVersion = 17.10.35027.167
MinimumVisualStudioVersion = 10.0.40219.1
Project("{FAE04EC0-301F-11D3-BF4B-00C04F79EFBC}") = "GameOfSticks", "GameOfSticks\GameOfSticks.csproj", "{0400FEF3-D203-43C2-B0C1-C0F76C5ECDF0}"
EndProject
Global
	GlobalSection(SolutionConfigurationPlatforms) = preSolution
		Debug|Any CPU = Debug|Any CPU
		Release|Any CPU = Release|Any CPU
	EndGlobalSection
	GlobalSection(ProjectConfigurationPlatforms) = postSolution
		{0400FEF3-D203-43C2-B0C1-C0F76C5ECDF0}.Debug|Any CPU.ActiveCfg = Debug|Any CPU
		{0400FEF3-D203-43C2-B0C1-C0F76C5ECDF0}.Debug|Any CPU.Build.0 = Debug|Any CPU
		{0400FEF3-D203-43C2-B0C1-C0F76C5ECDF0}.Release|Any CPU.ActiveCfg = Release|Any CPU
		{0400FEF3-D203-43C2-B0C1-C0F76C5ECDF0}.Release|Any CPU.Build.0 = Release|Any CPU
	EndGlobalSection
	GlobalSection(SolutionProperties) = preSolution
		HideSolutionNode = FALSE
	EndGlobalSection
	GlobalSection(ExtensibilityGlobals) = postSolution
		SolutionGuid = {288C5E3D-B0F5-4542-880F-A6A50D6E74BB}
	EndGlobalSection
EndGlobal
